
Microsoft Visual Studio Solution File, Format Version 12.00
Project("{FAE04EC0-301F-11D3-BF4B-00C04F79EFBC}") = "MailGun.Test", "MailGun.Test\MailGun.Test.csproj", "{D1801D8C-C4CB-4DB9-B5DF-AD84823B88B5}"
EndProject
Project("{FAE04EC0-301F-11D3-BF4B-00C04F79EFBC}") = "MailGun.Net", "MailGun.Net\MailGun.Net.csproj", "{31B98AC6-351E-4EB9-A50F-88B5DAD256BC}"
EndProject
Global
	GlobalSection(SolutionConfigurationPlatforms) = preSolution
		Debug|Any CPU = Debug|Any CPU
		Release|Any CPU = Release|Any CPU
	EndGlobalSection
	GlobalSection(ProjectConfigurationPlatforms) = postSolution
		{D1801D8C-C4CB-4DB9-B5DF-AD84823B88B5}.Debug|Any CPU.ActiveCfg = Debug|Any CPU
		{D1801D8C-C4CB-4DB9-B5DF-AD84823B88B5}.Debug|Any CPU.Build.0 = Debug|Any CPU
		{D1801D8C-C4CB-4DB9-B5DF-AD84823B88B5}.Release|Any CPU.ActiveCfg = Release|Any CPU
		{D1801D8C-C4CB-4DB9-B5DF-AD84823B88B5}.Release|Any CPU.Build.0 = Release|Any CPU
		{31B98AC6-351E-4EB9-A50F-88B5DAD256BC}.Debug|Any CPU.ActiveCfg = Debug|Any CPU
		{31B98AC6-351E-4EB9-A50F-88B5DAD256BC}.Debug|Any CPU.Build.0 = Debug|Any CPU
		{31B98AC6-351E-4EB9-A50F-88B5DAD256BC}.Release|Any CPU.ActiveCfg = Release|Any CPU
		{31B98AC6-351E-4EB9-A50F-88B5DAD256BC}.Release|Any CPU.Build.0 = Release|Any CPU
	EndGlobalSection
EndGlobal
